
Microsoft Visual Studio Solution File, Format Version 12.00
# Visual Studio Version 16
VisualStudioVersion = 16.0.30717.126
MinimumVisualStudioVersion = 10.0.40219.1
Project("{FAE04EC0-301F-11D3-BF4B-00C04F79EFBC}") = "SolidPrinciple", "SolidPrinciple\SolidPrinciple.csproj", "{C34DC808-2CA1-43C0-88FC-0A50DE5DF3E2}"
EndProject
Global
	GlobalSection(SolutionConfigurationPlatforms) = preSolution
		Debug|Any CPU = Debug|Any CPU
		Release|Any CPU = Release|Any CPU
	EndGlobalSection
	GlobalSection(ProjectConfigurationPlatforms) = postSolution
		{C34DC808-2CA1-43C0-88FC-0A50DE5DF3E2}.Debug|Any CPU.ActiveCfg = Debug|Any CPU
		{C34DC808-2CA1-43C0-88FC-0A50DE5DF3E2}.Debug|Any CPU.Build.0 = Debug|Any CPU
		{C34DC808-2CA1-43C0-88FC-0A50DE5DF3E2}.Release|Any CPU.ActiveCfg = Release|Any CPU
		{C34DC808-2CA1-43C0-88FC-0A50DE5DF3E2}.Release|Any CPU.Build.0 = Release|Any CPU
	EndGlobalSection
	GlobalSection(SolutionProperties) = preSolution
		HideSolutionNode = FALSE
	EndGlobalSection
	GlobalSection(ExtensibilityGlobals) = postSolution
		SolutionGuid = {B854259E-0B02-4D2B-9AA5-109BC6B2B4C1}
	EndGlobalSection
EndGlobal
